
Microsoft Visual Studio Solution File, Format Version 12.00
# Visual Studio Version 16
VisualStudioVersion = 16.0.31410.357
MinimumVisualStudioVersion = 10.0.40219.1
Project("{9A19103F-16F7-4668-BE54-9A1E7A4F7556}") = "GenericLoggingSystem", "GenericLoggingSystem.csproj", "{92B10A87-882E-48A0-8794-5C1FD6BD76AF}"
EndProject
Global
	GlobalSection(SolutionConfigurationPlatforms) = preSolution
		Debug|Any CPU = Debug|Any CPU
		Release|Any CPU = Release|Any CPU
	EndGlobalSection
	GlobalSection(ProjectConfigurationPlatforms) = postSolution
		{92B10A87-882E-48A0-8794-5C1FD6BD76AF}.Debug|Any CPU.ActiveCfg = Debug|Any CPU
		{92B10A87-882E-48A0-8794-5C1FD6BD76AF}.Debug|Any CPU.Build.0 = Debug|Any CPU
		{92B10A87-882E-48A0-8794-5C1FD6BD76AF}.Release|Any CPU.ActiveCfg = Release|Any CPU
		{92B10A87-882E-48A0-8794-5C1FD6BD76AF}.Release|Any CPU.Build.0 = Release|Any CPU
	EndGlobalSection
	GlobalSection(SolutionProperties) = preSolution
		HideSolutionNode = FALSE
	EndGlobalSection
	GlobalSection(ExtensibilityGlobals) = postSolution
		SolutionGuid = {37B26D0C-2512-496D-88A6-9020CAFC44B0}
	EndGlobalSection
EndGlobal
